{
    "_readme": [
        "This file locks the dependencies of your project to a known state",
        "Read more about it at https://getcomposer.org/doc/01-basic-usage.md#installing-dependencies",
        "This file is @generated automatically"
    ],
    "content-hash": "3e1594cc7c6f8fe6041e1c22822e0ab2",
    "packages": [
        {
            "name": "leafs/anchor",
            "version": "v1.5.0",
            "source": {
                "type": "git",
                "url": "https://github.com/leafsphp/anchor.git",
                "reference": "debc228afd63d46d94d0c1d02629c2d912ecb4ee"
            },
            "dist": {
                "type": "zip",
                "url": "https://api.github.com/repos/leafsphp/anchor/zipball/debc228afd63d46d94d0c1d02629c2d912ecb4ee",
                "reference": "debc228afd63d46d94d0c1d02629c2d912ecb4ee",
                "shasum": ""
            },
            "require-dev": {
                "pestphp/pest": "^1.21"
            },
            "type": "library",
            "autoload": {
                "psr-4": {
                    "Leaf\\": "src"
                }
            },
            "notification-url": "https://packagist.org/downloads/",
            "license": [
                "MIT"
            ],
            "authors": [
                {
                    "name": "Michael Darko",
                    "email": "mickdd22@gmail.com",
                    "homepage": "https://mychi.netlify.app",
                    "role": "Developer"
                }
            ],
            "description": "Leaf PHP util module",
            "homepage": "https://leafphp.netlify.app/#/",
            "keywords": [
                "framework",
                "leaf",
                "php",
                "util"
            ],
            "support": {
                "issues": "https://github.com/leafsphp/anchor/issues",
                "source": "https://github.com/leafsphp/anchor/tree/v1.5.0"
            },
            "funding": [
                {
                    "url": "https://github.com/leafsphp",
                    "type": "github"
                },
                {
                    "url": "https://opencollective.com/leaf",
                    "type": "open_collective"
                }
            ],
            "time": "2023-07-09T00:51:55+00:00"
        },
        {
            "name": "leafs/bareui",
            "version": "v1.1.1",
            "source": {
                "type": "git",
                "url": "https://github.com/leafsphp/bareui.git",
                "reference": "a84d855be5ba319a9c0c695d65d25aabf959b23b"
            },
            "dist": {
                "type": "zip",
                "url": "https://api.github.com/repos/leafsphp/bareui/zipball/a84d855be5ba319a9c0c695d65d25aabf959b23b",
                "reference": "a84d855be5ba319a9c0c695d65d25aabf959b23b",
                "shasum": ""
            },
            "type": "library",
            "autoload": {
                "files": [
                    "src/scripts.php"
                ],
                "psr-4": {
                    "Leaf\\": "src"
                }
            },
            "notification-url": "https://packagist.org/downloads/",
            "license": [
                "MIT"
            ],
            "authors": [
                {
                    "name": "Michael Darko",
                    "email": "mickdd22@gmail.com",
                    "homepage": "https://mychi.netlify.app",
                    "role": "Developer"
                }
            ],
            "description": "Leaf PHP bareui templating engine",
            "homepage": "https://leafphp.netlify.app/#/",
            "keywords": [
                "framework",
                "leaf",
                "php",
                "simple templating",
                "template",
                "view"
            ],
            "support": {
                "issues": "https://github.com/leafsphp/bareui/issues",
                "source": "https://github.com/leafsphp/bareui/tree/v1.1.1"
            },
            "funding": [
                {
                    "url": "https://github.com/leafsphp",
                    "type": "github"
                },
                {
                    "url": "https://opencollective.com/leaf",
                    "type": "open_collective"
                }
            ],
            "time": "2023-05-17T08:42:17+00:00"
        },
        {
            "name": "leafs/db",
            "version": "v2.1.0",
            "source": {
                "type": "git",
                "url": "https://github.com/leafsphp/db.git",
                "reference": "5b663754b552dcc4dde3314e425afe75084a02f3"
            },
            "dist": {
                "type": "zip",
                "url": "https://api.github.com/repos/leafsphp/db/zipball/5b663754b552dcc4dde3314e425afe75084a02f3",
                "reference": "5b663754b552dcc4dde3314e425afe75084a02f3",
                "shasum": ""
            },
            "require-dev": {
                "friendsofphp/php-cs-fixer": "^3.14",
                "leafs/alchemy": "^1.0",
                "pestphp/pest": "^1.21"
            },
            "type": "library",
            "autoload": {
                "files": [
                    "src/functions.php"
                ],
                "psr-4": {
                    "Leaf\\": "src"
                }
            },
            "notification-url": "https://packagist.org/downloads/",
            "license": [
                "MIT"
            ],
            "authors": [
                {
                    "name": "Michael Darko",
                    "email": "mickdd22@gmail.com",
                    "homepage": "https://mychi.netlify.app",
                    "role": "Developer"
                }
            ],
            "description": "Leaf PHP db module.",
            "homepage": "https://leafphp.netlify.app/#/",
            "keywords": [
                "database",
                "framework",
                "leaf",
                "orm",
                "php"
            ],
            "support": {
                "issues": "https://github.com/leafsphp/db/issues",
                "source": "https://github.com/leafsphp/db/tree/v2.1.0"
            },
            "funding": [
                {
                    "url": "https://github.com/leafsphp",
                    "type": "github"
                },
                {
                    "url": "https://opencollective.com/leaf",
                    "type": "open_collective"
                }
            ],
            "time": "2023-02-27T17:16:54+00:00"
        },
        {
            "name": "leafs/exception",
            "version": "v3.2.1",
            "source": {
                "type": "git",
                "url": "https://github.com/leafsphp/exceptions.git",
                "reference": "064a24f34c719a8121da2d737eddc9917ddca263"
            },
            "dist": {
                "type": "zip",
                "url": "https://api.github.com/repos/leafsphp/exceptions/zipball/064a24f34c719a8121da2d737eddc9917ddca263",
                "reference": "064a24f34c719a8121da2d737eddc9917ddca263",
                "shasum": ""
            },
            "require": {
                "php": "^5.5.9 || ^7.0 || ^8.0",
                "psr/log": "^1.0.1 || ^2.0 || ^3.0"
            },
            "require-dev": {
                "mockery/mockery": "^0.9 || ^1.0",
                "phpunit/phpunit": "^4.8.36 || ^5.7.27 || ^6.5.14 || ^7.5.20 || ^8.5.8 || ^9.3.3",
                "symfony/var-dumper": "^2.6 || ^3.0 || ^4.0 || ^5.0"
            },
            "suggest": {
                "symfony/var-dumper": "Pretty print complex values better with var-dumper available",
                "whoops/soap": "Formats errors as SOAP responses"
            },
            "type": "library",
            "autoload": {
                "psr-4": {
                    "Leaf\\": "src"
                }
            },
            "notification-url": "https://packagist.org/downloads/",
            "license": [
                "MIT"
            ],
            "authors": [
                {
                    "name": "Filipe Dobreira",
                    "homepage": "https://github.com/filp",
                    "role": "Developer"
                },
                {
                    "name": "Michael Darko",
                    "email": "mickdd22@gmail.com",
                    "homepage": "https://mychi.netlify.app",
                    "role": "Developer"
                }
            ],
            "description": "Error handler for leaf (fork of whoops)",
            "homepage": "https://github.com/leafsphp/exception",
            "keywords": [
                "error",
                "exception",
                "handling",
                "library",
                "throwable",
                "whoops"
            ],
            "support": {
                "source": "https://github.com/leafsphp/exceptions/tree/v3.2.1"
            },
            "funding": [
                {
                    "url": "https://github.com/denis-sokolov",
                    "type": "github"
                }
            ],
            "time": "2023-07-08T12:03:30+00:00"
        },
        {
            "name": "leafs/http",
            "version": "v2.2.3",
            "source": {
                "type": "git",
                "url": "https://github.com/leafsphp/http.git",
                "reference": "77eebb3db4c722f04f9ca53ee28e9c62a5294505"
            },
            "dist": {
                "type": "zip",
                "url": "https://api.github.com/repos/leafsphp/http/zipball/77eebb3db4c722f04f9ca53ee28e9c62a5294505",
                "reference": "77eebb3db4c722f04f9ca53ee28e9c62a5294505",
                "shasum": ""
            },
            "require": {
                "leafs/anchor": "*"
            },
            "type": "library",
            "autoload": {
                "files": [
                    "src/functions.php"
                ],
                "psr-4": {
                    "Leaf\\Http\\": "src"
                }
            },
            "notification-url": "https://packagist.org/downloads/",
            "license": [
                "MIT"
            ],
            "authors": [
                {
                    "name": "Michael Darko",
                    "email": "mickdd22@gmail.com",
                    "homepage": "https://mychi.netlify.app",
                    "role": "Developer"
                }
            ],
            "description": "Leaf PHP HTTP module.",
            "homepage": "https://leafphp.dev/modules/http/v/2/request.html",
            "keywords": [
                "framework",
                "headers",
                "http",
                "leaf",
                "php",
                "request",
                "response"
            ],
            "support": {
                "issues": "https://github.com/leafsphp/http/issues",
                "source": "https://github.com/leafsphp/http/tree/v2.2.3"
            },
            "funding": [
                {
                    "url": "https://github.com/leafsphp",
                    "type": "github"
                },
                {
                    "url": "https://opencollective.com/leaf",
                    "type": "open_collective"
                }
            ],
            "time": "2023-04-20T20:43:16+00:00"
        },
        {
            "name": "leafs/leaf",
            "version": "v3.4.1",
            "source": {
                "type": "git",
                "url": "https://github.com/leafsphp/leaf.git",
                "reference": "8964d19c3c129721d1baa403141499ae59c10c7f"
            },
            "dist": {
                "type": "zip",
                "url": "https://api.github.com/repos/leafsphp/leaf/zipball/8964d19c3c129721d1baa403141499ae59c10c7f",
                "reference": "8964d19c3c129721d1baa403141499ae59c10c7f",
                "shasum": ""
            },
            "require": {
                "leafs/anchor": "*",
                "leafs/exception": "*",
                "leafs/http": "*",
                "leafs/router": "*"
            },
            "require-dev": {
                "friendsofphp/php-cs-fixer": "^3.0",
                "pestphp/pest": "^1.21"
            },
            "type": "library",
            "autoload": {
                "files": [
                    "src/functions.php"
                ],
                "psr-4": {
                    "Leaf\\": "src"
                }
            },
            "notification-url": "https://packagist.org/downloads/",
            "license": [
                "MIT"
            ],
            "authors": [
                {
                    "name": "Michael Darko",
                    "email": "mickdd22@gmail.com",
                    "homepage": "https://mychi.netlify.app",
                    "role": "Developer"
                }
            ],
            "description": "Simple, performant and powerful PHP micro-framework for rapid web app & API development",
            "homepage": "https://leafphp.dev",
            "keywords": [
                "framework",
                "leaf",
                "microframework",
                "php",
                "rest",
                "router"
            ],
            "support": {
                "issues": "https://github.com/leafsphp/leaf/issues",
                "source": "https://github.com/leafsphp/leaf/tree/v3.4.1"
            },
            "funding": [
                {
                    "url": "https://github.com/leafsphp",
                    "type": "github"
                },
                {
                    "url": "https://opencollective.com/leaf",
                    "type": "open_collective"
                }
            ],
            "time": "2023-07-08T12:13:03+00:00"
        },
        {
            "name": "leafs/router",
            "version": "v0.2.3",
            "source": {
                "type": "git",
                "url": "https://github.com/leafsphp/router.git",
                "reference": "d7d66f7e76714885d878e70c7cc2c117d5c998ad"
            },
            "dist": {
                "type": "zip",
                "url": "https://api.github.com/repos/leafsphp/router/zipball/d7d66f7e76714885d878e70c7cc2c117d5c998ad",
                "reference": "d7d66f7e76714885d878e70c7cc2c117d5c998ad",
                "shasum": ""
            },
            "require": {
                "leafs/anchor": "*",
                "leafs/http": "*"
            },
            "require-dev": {
                "pestphp/pest": "^1.21"
            },
            "type": "library",
            "autoload": {
                "psr-4": {
                    "Leaf\\": "src"
                }
            },
            "notification-url": "https://packagist.org/downloads/",
            "license": [
                "MIT"
            ],
            "authors": [
                {
                    "name": "Michael Darko",
                    "email": "mickdd22@gmail.com",
                    "homepage": "https://mychi.netlify.app",
                    "role": "Developer"
                }
            ],
            "description": "Leaf router module for Leaf PHP.",
            "homepage": "https://leafphp.netlify.app/#/modules/router",
            "keywords": [
                "framework",
                "leaf",
                "php",
                "rest",
                "router"
            ],
            "support": {
                "issues": "https://github.com/leafsphp/router/issues",
                "source": "https://github.com/leafsphp/router/tree/v0.2.3"
            },
            "funding": [
                {
                    "url": "https://github.com/leafsphp",
                    "type": "github"
                },
                {
                    "url": "https://opencollective.com/leaf",
                    "type": "open_collective"
                }
            ],
            "time": "2023-06-30T09:40:09+00:00"
        },
        {
            "name": "netresearch/jsonmapper",
            "version": "v4.2.0",
            "source": {
                "type": "git",
                "url": "https://github.com/cweiske/jsonmapper.git",
                "reference": "f60565f8c0566a31acf06884cdaa591867ecc956"
            },
            "dist": {
                "type": "zip",
                "url": "https://api.github.com/repos/cweiske/jsonmapper/zipball/f60565f8c0566a31acf06884cdaa591867ecc956",
                "reference": "f60565f8c0566a31acf06884cdaa591867ecc956",
                "shasum": ""
            },
            "require": {
                "ext-json": "*",
                "ext-pcre": "*",
                "ext-reflection": "*",
                "ext-spl": "*",
                "php": ">=7.1"
            },
            "require-dev": {
                "phpunit/phpunit": "~7.5 || ~8.0 || ~9.0",
                "squizlabs/php_codesniffer": "~3.5"
            },
            "type": "library",
            "autoload": {
                "psr-0": {
                    "JsonMapper": "src/"
                }
            },
            "notification-url": "https://packagist.org/downloads/",
            "license": [
                "OSL-3.0"
            ],
            "authors": [
                {
                    "name": "Christian Weiske",
                    "email": "cweiske@cweiske.de",
                    "homepage": "http://github.com/cweiske/jsonmapper/",
                    "role": "Developer"
                }
            ],
            "description": "Map nested JSON structures onto PHP classes",
            "support": {
                "email": "cweiske@cweiske.de",
                "issues": "https://github.com/cweiske/jsonmapper/issues",
                "source": "https://github.com/cweiske/jsonmapper/tree/v4.2.0"
            },
            "time": "2023-04-09T17:37:40+00:00"
        },
        {
            "name": "psr/log",
            "version": "3.0.0",
            "source": {
                "type": "git",
                "url": "https://github.com/php-fig/log.git",
                "reference": "fe5ea303b0887d5caefd3d431c3e61ad47037001"
            },
            "dist": {
                "type": "zip",
                "url": "https://api.github.com/repos/php-fig/log/zipball/fe5ea303b0887d5caefd3d431c3e61ad47037001",
                "reference": "fe5ea303b0887d5caefd3d431c3e61ad47037001",
                "shasum": ""
            },
            "require": {
                "php": ">=8.0.0"
            },
            "type": "library",
            "extra": {
                "branch-alias": {
                    "dev-master": "3.x-dev"
                }
            },
            "autoload": {
                "psr-4": {
                    "Psr\\Log\\": "src"
                }
            },
            "notification-url": "https://packagist.org/downloads/",
            "license": [
                "MIT"
            ],
            "authors": [
                {
                    "name": "PHP-FIG",
                    "homepage": "https://www.php-fig.org/"
                }
            ],
            "description": "Common interface for logging libraries",
            "homepage": "https://github.com/php-fig/log",
            "keywords": [
                "log",
                "psr",
                "psr-3"
            ],
            "support": {
                "source": "https://github.com/php-fig/log/tree/3.0.0"
            },
            "time": "2021-07-14T16:46:02+00:00"
        },
        {
            "name": "visus/cuid2",
            "version": "3.0.0",
            "source": {
                "type": "git",
                "url": "https://github.com/visus-io/php-cuid2.git",
                "reference": "0a422fa4785c3ce1f01f60cec35684ed31f46860"
            },
            "dist": {
                "type": "zip",
                "url": "https://api.github.com/repos/visus-io/php-cuid2/zipball/0a422fa4785c3ce1f01f60cec35684ed31f46860",
                "reference": "0a422fa4785c3ce1f01f60cec35684ed31f46860",
                "shasum": ""
            },
            "require": {
                "php": "^8.1"
            },
            "require-dev": {
                "ergebnis/composer-normalize": "^2.29",
                "ext-ctype": "*",
                "php-parallel-lint/php-parallel-lint": "^1.3",
                "phpstan/phpstan": "^1.9",
                "phpunit/phpunit": "^10.0",
                "squizlabs/php_codesniffer": "^3.7",
                "vimeo/psalm": "^5.4"
            },
            "suggest": {
                "ext-gmp": "*"
            },
            "type": "library",
            "autoload": {
                "files": [
                    "src/compat.php"
                ],
                "psr-4": {
                    "Visus\\Cuid2\\": "src/"
                }
            },
            "notification-url": "https://packagist.org/downloads/",
            "license": [
                "Apache-2.0"
            ],
            "authors": [
                {
                    "name": "Alan Brault",
                    "email": "alan.brault@visus.io"
                }
            ],
            "description": "A PHP library for generating collision-resistant ids (CUIDs).",
            "keywords": [
                "cuid",
                "identifier"
            ],
            "support": {
                "issues": "https://github.com/visus-io/php-cuid2/issues",
                "source": "https://github.com/visus-io/php-cuid2/tree/3.0.0"
            },
            "time": "2023-08-11T16:22:53+00:00"
        }
    ],
    "packages-dev": [],
    "aliases": [],
    "minimum-stability": "stable",
    "stability-flags": [],
    "prefer-stable": false,
    "prefer-lowest": false,
    "platform": [],
    "platform-dev": [],
    "plugin-api-version": "2.3.0"
}
